{
  "name": "blockchaindata-lib",
  "version": "1.0.4",
  "lockfileVersion": 1,
  "requires": true,
  "dependencies": {
    "bip65": {
      "version": "1.0.3",
      "resolved": "https://registry.npmjs.org/bip65/-/bip65-1.0.3.tgz",
      "integrity": "sha512-RQ1nc7xtnLa5XltnCqkoR2zmhuz498RjMJwrLKQzOE049D1HUqnYfon7cVSbwS5UGm0/EQlC2CH+NY3MyITA4Q=="
    },
    "bitcoinjs-lib": {
      "version": "5.1.6",
      "resolved": "https://registry.npmjs.org/bitcoinjs-lib/-/bitcoinjs-lib-5.1.6.tgz",
      "integrity": "sha512-NgvnA8XXUuzpuBnVs1plzZvVOYsuont4KPzaGcVIwjktYQbCk1hUkXnt4wujIOBscNsXuu+plVbPYvtMosZI/w=="
    },
    "node-fetch": {
      "version": "2.6.1",
      "resolved": "https://registry.npmjs.org/node-fetch/-/node-fetch-2.6.1.tgz",
      "integrity": "sha512-V4aYg89jEoVRxRb2fJdAg8FHvI7cEyYdVAh94HH0UIK8oJxUfkjlDQN9RbMx+bEjP7+ggMiFRprSti032Oipxw=="
    }
  }
}
